// !$*UTF8*$!
{
	archiveVersion = 1;
	classes = {
	};
	objectVersion = 56;
	objects = {

/* Begin PBXBuildFile section */
		969FB43029D5975A00C73B01 /* AppDelegate.swift in Sources */ = {isa = PBXBuildFile; fileRef = 969FB42F29D5975A00C73B01 /* AppDelegate.swift */; };
		969FB43229D5975A00C73B01 /* SceneDelegate.swift in Sources */ = {isa = PBXBuildFile; fileRef = 969FB43129D5975A00C73B01 /* SceneDelegate.swift */; };
		969FB43429D5975A00C73B01 /* RMTabBarViewController.swift in Sources */ = {isa = PBXBuildFile; fileRef = 969FB43329D5975A00C73B01 /* RMTabBarViewController.swift */; };
		969FB43929D5975B00C73B01 /* Assets.xcassets in Resources */ = {isa = PBXBuildFile; fileRef = 969FB43829D5975B00C73B01 /* Assets.xcassets */; };
		969FB43C29D5975B00C73B01 /* LaunchScreen.storyboard in Resources */ = {isa = PBXBuildFile; fileRef = 969FB43A29D5975B00C73B01 /* LaunchScreen.storyboard */; };
		969FB44729D5975B00C73B01 /* RickAndMortyTests.swift in Sources */ = {isa = PBXBuildFile; fileRef = 969FB44629D5975B00C73B01 /* RickAndMortyTests.swift */; };
		969FB45129D5975B00C73B01 /* RickAndMortyUITests.swift in Sources */ = {isa = PBXBuildFile; fileRef = 969FB45029D5975B00C73B01 /* RickAndMortyUITests.swift */; };
		969FB45329D5975B00C73B01 /* RickAndMortyUITestsLaunchTests.swift in Sources */ = {isa = PBXBuildFile; fileRef = 969FB45229D5975B00C73B01 /* RickAndMortyUITestsLaunchTests.swift */; };
		969FB46729D59BD500C73B01 /* RMLocation.swift in Sources */ = {isa = PBXBuildFile; fileRef = 969FB46629D59BD500C73B01 /* RMLocation.swift */; };
		969FB46929D59BE700C73B01 /* RMCharacter.swift in Sources */ = {isa = PBXBuildFile; fileRef = 969FB46829D59BE700C73B01 /* RMCharacter.swift */; };
		969FB46B29D59C0100C73B01 /* RMEpisode.swift in Sources */ = {isa = PBXBuildFile; fileRef = 969FB46A29D59C0100C73B01 /* RMEpisode.swift */; };
		969FB46E29D59CC300C73B01 /* RMCharacterViewController.swift in Sources */ = {isa = PBXBuildFile; fileRef = 969FB46D29D59CC300C73B01 /* RMCharacterViewController.swift */; };
		969FB47029D59CF800C73B01 /* RMLocationViewController.swift in Sources */ = {isa = PBXBuildFile; fileRef = 969FB46F29D59CF800C73B01 /* RMLocationViewController.swift */; };
		969FB47229D59D1200C73B01 /* RMEpisodeViewController.swift in Sources */ = {isa = PBXBuildFile; fileRef = 969FB47129D59D1200C73B01 /* RMEpisodeViewController.swift */; };
		969FB47429D5A08100C73B01 /* RMSettingsViewController.swift in Sources */ = {isa = PBXBuildFile; fileRef = 969FB47329D5A08100C73B01 /* RMSettingsViewController.swift */; };
		969FB47629D6CA9200C73B01 /* RMService.swift in Sources */ = {isa = PBXBuildFile; fileRef = 969FB47529D6CA9200C73B01 /* RMService.swift */; };
		969FB47829D6CAAD00C73B01 /* RMRequest.swift in Sources */ = {isa = PBXBuildFile; fileRef = 969FB47729D6CAAD00C73B01 /* RMRequest.swift */; };
		969FB47A29D6CBAC00C73B01 /* RMEndpoint.swift in Sources */ = {isa = PBXBuildFile; fileRef = 969FB47929D6CBAC00C73B01 /* RMEndpoint.swift */; };
		969FB47C29D6E81100C73B01 /* RMOrigin.swift in Sources */ = {isa = PBXBuildFile; fileRef = 969FB47B29D6E81100C73B01 /* RMOrigin.swift */; };
		969FB47E29D6E85D00C73B01 /* RMSingleLocation.swift in Sources */ = {isa = PBXBuildFile; fileRef = 969FB47D29D6E85D00C73B01 /* RMSingleLocation.swift */; };
		969FB48029D6E9AA00C73B01 /* RMCharacterStatus.swift in Sources */ = {isa = PBXBuildFile; fileRef = 969FB47F29D6E9AA00C73B01 /* RMCharacterStatus.swift */; };
		969FB48229D6EA5900C73B01 /* RMCharacterGender.swift in Sources */ = {isa = PBXBuildFile; fileRef = 969FB48129D6EA5900C73B01 /* RMCharacterGender.swift */; };
		969FB48629DAFC1400C73B01 /* RMGetAllCharactersResponse.swift in Sources */ = {isa = PBXBuildFile; fileRef = 969FB48529DAFC1400C73B01 /* RMGetAllCharactersResponse.swift */; };
		969FB48829DC2C3900C73B01 /* CharacterViewViewModel.swift in Sources */ = {isa = PBXBuildFile; fileRef = 969FB48729DC2C3900C73B01 /* CharacterViewViewModel.swift */; };
		969FB48A29DC2CE600C73B01 /* CharacterListView.swift in Sources */ = {isa = PBXBuildFile; fileRef = 969FB48929DC2CE600C73B01 /* CharacterListView.swift */; };
		969FB48C29DC3B7500C73B01 /* Extensions.swift in Sources */ = {isa = PBXBuildFile; fileRef = 969FB48B29DC3B7500C73B01 /* Extensions.swift */; };
/* End PBXBuildFile section */

/* Begin PBXContainerItemProxy section */
		969FB44329D5975B00C73B01 /* PBXContainerItemProxy */ = {
			isa = PBXContainerItemProxy;
			containerPortal = 969FB42429D5975A00C73B01 /* Project object */;
			proxyType = 1;
			remoteGlobalIDString = 969FB42B29D5975A00C73B01;
			remoteInfo = RickAndMorty;
		};
		969FB44D29D5975B00C73B01 /* PBXContainerItemProxy */ = {
			isa = PBXContainerItemProxy;
			containerPortal = 969FB42429D5975A00C73B01 /* Project object */;
			proxyType = 1;
			remoteGlobalIDString = 969FB42B29D5975A00C73B01;
			remoteInfo = RickAndMorty;
		};
/* End PBXContainerItemProxy section */

/* Begin PBXFileReference section */
		969FB42C29D5975A00C73B01 /* RickAndMorty.app */ = {isa = PBXFileReference; explicitFileType = wrapper.application; includeInIndex = 0; path = RickAndMorty.app; sourceTree = BUILT_PRODUCTS_DIR; };
		969FB42F29D5975A00C73B01 /* AppDelegate.swift */ = {isa = PBXFileReference; lastKnownFileType = sourcecode.swift; path = AppDelegate.swift; sourceTree = "<group>"; };
		969FB43129D5975A00C73B01 /* SceneDelegate.swift */ = {isa = PBXFileReference; lastKnownFileType = sourcecode.swift; path = SceneDelegate.swift; sourceTree = "<group>"; };
		969FB43329D5975A00C73B01 /* RMTabBarViewController.swift */ = {isa = PBXFileReference; lastKnownFileType = sourcecode.swift; path = RMTabBarViewController.swift; sourceTree = "<group>"; };
		969FB43829D5975B00C73B01 /* Assets.xcassets */ = {isa = PBXFileReference; lastKnownFileType = folder.assetcatalog; path = Assets.xcassets; sourceTree = "<group>"; };
		969FB43B29D5975B00C73B01 /* Base */ = {isa = PBXFileReference; lastKnownFileType = file.storyboard; name = Base; path = Base.lproj/LaunchScreen.storyboard; sourceTree = "<group>"; };
		969FB43D29D5975B00C73B01 /* Info.plist */ = {isa = PBXFileReference; lastKnownFileType = text.plist.xml; path = Info.plist; sourceTree = "<group>"; };
		969FB44229D5975B00C73B01 /* RickAndMortyTests.xctest */ = {isa = PBXFileReference; explicitFileType = wrapper.cfbundle; includeInIndex = 0; path = RickAndMortyTests.xctest; sourceTree = BUILT_PRODUCTS_DIR; };
		969FB44629D5975B00C73B01 /* RickAndMortyTests.swift */ = {isa = PBXFileReference; lastKnownFileType = sourcecode.swift; path = RickAndMortyTests.swift; sourceTree = "<group>"; };
		969FB44C29D5975B00C73B01 /* RickAndMortyUITests.xctest */ = {isa = PBXFileReference; explicitFileType = wrapper.cfbundle; includeInIndex = 0; path = RickAndMortyUITests.xctest; sourceTree = BUILT_PRODUCTS_DIR; };
		969FB45029D5975B00C73B01 /* RickAndMortyUITests.swift */ = {isa = PBXFileReference; lastKnownFileType = sourcecode.swift; path = RickAndMortyUITests.swift; sourceTree = "<group>"; };
		969FB45229D5975B00C73B01 /* RickAndMortyUITestsLaunchTests.swift */ = {isa = PBXFileReference; lastKnownFileType = sourcecode.swift; path = RickAndMortyUITestsLaunchTests.swift; sourceTree = "<group>"; };
		969FB46629D59BD500C73B01 /* RMLocation.swift */ = {isa = PBXFileReference; lastKnownFileType = sourcecode.swift; path = RMLocation.swift; sourceTree = "<group>"; };
		969FB46829D59BE700C73B01 /* RMCharacter.swift */ = {isa = PBXFileReference; lastKnownFileType = sourcecode.swift; path = RMCharacter.swift; sourceTree = "<group>"; };
		969FB46A29D59C0100C73B01 /* RMEpisode.swift */ = {isa = PBXFileReference; lastKnownFileType = sourcecode.swift; path = RMEpisode.swift; sourceTree = "<group>"; };
		969FB46D29D59CC300C73B01 /* RMCharacterViewController.swift */ = {isa = PBXFileReference; lastKnownFileType = sourcecode.swift; path = RMCharacterViewController.swift; sourceTree = "<group>"; };
		969FB46F29D59CF800C73B01 /* RMLocationViewController.swift */ = {isa = PBXFileReference; lastKnownFileType = sourcecode.swift; path = RMLocationViewController.swift; sourceTree = "<group>"; };
		969FB47129D59D1200C73B01 /* RMEpisodeViewController.swift */ = {isa = PBXFileReference; lastKnownFileType = sourcecode.swift; path = RMEpisodeViewController.swift; sourceTree = "<group>"; };
		969FB47329D5A08100C73B01 /* RMSettingsViewController.swift */ = {isa = PBXFileReference; lastKnownFileType = sourcecode.swift; path = RMSettingsViewController.swift; sourceTree = "<group>"; };
		969FB47529D6CA9200C73B01 /* RMService.swift */ = {isa = PBXFileReference; lastKnownFileType = sourcecode.swift; path = RMService.swift; sourceTree = "<group>"; };
		969FB47729D6CAAD00C73B01 /* RMRequest.swift */ = {isa = PBXFileReference; lastKnownFileType = sourcecode.swift; path = RMRequest.swift; sourceTree = "<group>"; };
		969FB47929D6CBAC00C73B01 /* RMEndpoint.swift */ = {isa = PBXFileReference; lastKnownFileType = sourcecode.swift; path = RMEndpoint.swift; sourceTree = "<group>"; };
		969FB47B29D6E81100C73B01 /* RMOrigin.swift */ = {isa = PBXFileReference; lastKnownFileType = sourcecode.swift; path = RMOrigin.swift; sourceTree = "<group>"; };
		969FB47D29D6E85D00C73B01 /* RMSingleLocation.swift */ = {isa = PBXFileReference; lastKnownFileType = sourcecode.swift; path = RMSingleLocation.swift; sourceTree = "<group>"; };
		969FB47F29D6E9AA00C73B01 /* RMCharacterStatus.swift */ = {isa = PBXFileReference; lastKnownFileType = sourcecode.swift; path = RMCharacterStatus.swift; sourceTree = "<group>"; };
		969FB48129D6EA5900C73B01 /* RMCharacterGender.swift */ = {isa = PBXFileReference; lastKnownFileType = sourcecode.swift; path = RMCharacterGender.swift; sourceTree = "<group>"; };
		969FB48529DAFC1400C73B01 /* RMGetAllCharactersResponse.swift */ = {isa = PBXFileReference; lastKnownFileType = sourcecode.swift; path = RMGetAllCharactersResponse.swift; sourceTree = "<group>"; };
		969FB48729DC2C3900C73B01 /* CharacterViewViewModel.swift */ = {isa = PBXFileReference; lastKnownFileType = sourcecode.swift; path = CharacterViewViewModel.swift; sourceTree = "<group>"; };
		969FB48929DC2CE600C73B01 /* CharacterListView.swift */ = {isa = PBXFileReference; lastKnownFileType = sourcecode.swift; path = CharacterListView.swift; sourceTree = "<group>"; };
		969FB48B29DC3B7500C73B01 /* Extensions.swift */ = {isa = PBXFileReference; lastKnownFileType = sourcecode.swift; path = Extensions.swift; sourceTree = "<group>"; };
/* End PBXFileReference section */

/* Begin PBXFrameworksBuildPhase section */
		969FB42929D5975A00C73B01 /* Frameworks */ = {
			isa = PBXFrameworksBuildPhase;
			buildActionMask = 2147483647;
			files = (
			);
			runOnlyForDeploymentPostprocessing = 0;
		};
		969FB43F29D5975B00C73B01 /* Frameworks */ = {
			isa = PBXFrameworksBuildPhase;
			buildActionMask = 2147483647;
			files = (
			);
			runOnlyForDeploymentPostprocessing = 0;
		};
		969FB44929D5975B00C73B01 /* Frameworks */ = {
			isa = PBXFrameworksBuildPhase;
			buildActionMask = 2147483647;
			files = (
			);
			runOnlyForDeploymentPostprocessing = 0;
		};
/* End PBXFrameworksBuildPhase section */

/* Begin PBXGroup section */
		969FB42329D5975A00C73B01 = {
			isa = PBXGroup;
			children = (
				969FB42E29D5975A00C73B01 /* RickAndMorty */,
				969FB44529D5975B00C73B01 /* RickAndMortyTests */,
				969FB44F29D5975B00C73B01 /* RickAndMortyUITests */,
				969FB42D29D5975A00C73B01 /* Products */,
			);
			sourceTree = "<group>";
		};
		969FB42D29D5975A00C73B01 /* Products */ = {
			isa = PBXGroup;
			children = (
				969FB42C29D5975A00C73B01 /* RickAndMorty.app */,
				969FB44229D5975B00C73B01 /* RickAndMortyTests.xctest */,
				969FB44C29D5975B00C73B01 /* RickAndMortyUITests.xctest */,
			);
			name = Products;
			sourceTree = "<group>";
		};
		969FB42E29D5975A00C73B01 /* RickAndMorty */ = {
			isa = PBXGroup;
			children = (
				969FB46529D59AFB00C73B01 /* Models */,
				969FB46429D59AE000C73B01 /* Resources */,
				969FB46329D59AB800C73B01 /* Managers */,
				969FB46229D59AA800C73B01 /* APIClient */,
				969FB46129D59A8900C73B01 /* ViewModels */,
				969FB46029D59A7B00C73B01 /* Views */,
				969FB45F29D59A6D00C73B01 /* Controllers */,
				969FB43D29D5975B00C73B01 /* Info.plist */,
			);
			path = RickAndMorty;
			sourceTree = "<group>";
		};
		969FB44529D5975B00C73B01 /* RickAndMortyTests */ = {
			isa = PBXGroup;
			children = (
				969FB44629D5975B00C73B01 /* RickAndMortyTests.swift */,
			);
			path = RickAndMortyTests;
			sourceTree = "<group>";
		};
		969FB44F29D5975B00C73B01 /* RickAndMortyUITests */ = {
			isa = PBXGroup;
			children = (
				969FB45029D5975B00C73B01 /* RickAndMortyUITests.swift */,
				969FB45229D5975B00C73B01 /* RickAndMortyUITestsLaunchTests.swift */,
			);
			path = RickAndMortyUITests;
			sourceTree = "<group>";
		};
		969FB45F29D59A6D00C73B01 /* Controllers */ = {
			isa = PBXGroup;
			children = (
				969FB46C29D59C6200C73B01 /* Core */,
			);
			path = Controllers;
			sourceTree = "<group>";
		};
		969FB46029D59A7B00C73B01 /* Views */ = {
			isa = PBXGroup;
			children = (
				969FB48929DC2CE600C73B01 /* CharacterListView.swift */,
			);
			path = Views;
			sourceTree = "<group>";
		};
		969FB46129D59A8900C73B01 /* ViewModels */ = {
			isa = PBXGroup;
			children = (
				969FB48729DC2C3900C73B01 /* CharacterViewViewModel.swift */,
			);
			path = ViewModels;
			sourceTree = "<group>";
		};
		969FB46229D59AA800C73B01 /* APIClient */ = {
			isa = PBXGroup;
			children = (
				969FB47529D6CA9200C73B01 /* RMService.swift */,
				969FB47729D6CAAD00C73B01 /* RMRequest.swift */,
				969FB47929D6CBAC00C73B01 /* RMEndpoint.swift */,
			);
			path = APIClient;
			sourceTree = "<group>";
		};
		969FB46329D59AB800C73B01 /* Managers */ = {
			isa = PBXGroup;
			children = (
			);
			path = Managers;
			sourceTree = "<group>";
		};
		969FB46429D59AE000C73B01 /* Resources */ = {
			isa = PBXGroup;
			children = (
				969FB42F29D5975A00C73B01 /* AppDelegate.swift */,
				969FB43129D5975A00C73B01 /* SceneDelegate.swift */,
				969FB43829D5975B00C73B01 /* Assets.xcassets */,
				969FB43A29D5975B00C73B01 /* LaunchScreen.storyboard */,
				969FB48B29DC3B7500C73B01 /* Extensions.swift */,
			);
			path = Resources;
			sourceTree = "<group>";
		};
		969FB46529D59AFB00C73B01 /* Models */ = {
			isa = PBXGroup;
			children = (
				969FB48429DAFBF000C73B01 /* APIResponseTypes */,
				969FB48329DAFBE100C73B01 /* DataTypes */,
			);
			path = Models;
			sourceTree = "<group>";
		};
		969FB46C29D59C6200C73B01 /* Core */ = {
			isa = PBXGroup;
			children = (
				969FB43329D5975A00C73B01 /* RMTabBarViewController.swift */,
				969FB46D29D59CC300C73B01 /* RMCharacterViewController.swift */,
				969FB46F29D59CF800C73B01 /* RMLocationViewController.swift */,
				969FB47129D59D1200C73B01 /* RMEpisodeViewController.swift */,
				969FB47329D5A08100C73B01 /* RMSettingsViewController.swift */,
			);
			path = Core;
			sourceTree = "<group>";
		};
		969FB48329DAFBE100C73B01 /* DataTypes */ = {
			isa = PBXGroup;
			children = (
				969FB46629D59BD500C73B01 /* RMLocation.swift */,
				969FB46829D59BE700C73B01 /* RMCharacter.swift */,
				969FB47F29D6E9AA00C73B01 /* RMCharacterStatus.swift */,
				969FB46A29D59C0100C73B01 /* RMEpisode.swift */,
				969FB47B29D6E81100C73B01 /* RMOrigin.swift */,
				969FB47D29D6E85D00C73B01 /* RMSingleLocation.swift */,
				969FB48129D6EA5900C73B01 /* RMCharacterGender.swift */,
			);
			path = DataTypes;
			sourceTree = "<group>";
		};
		969FB48429DAFBF000C73B01 /* APIResponseTypes */ = {
			isa = PBXGroup;
			children = (
				969FB48529DAFC1400C73B01 /* RMGetAllCharactersResponse.swift */,
			);
			path = APIResponseTypes;
			sourceTree = "<group>";
		};
/* End PBXGroup section */

/* Begin PBXNativeTarget section */
		969FB42B29D5975A00C73B01 /* RickAndMorty */ = {
			isa = PBXNativeTarget;
			buildConfigurationList = 969FB45629D5975B00C73B01 /* Build configuration list for PBXNativeTarget "RickAndMorty" */;
			buildPhases = (
				969FB42829D5975A00C73B01 /* Sources */,
				969FB42929D5975A00C73B01 /* Frameworks */,
				969FB42A29D5975A00C73B01 /* Resources */,
			);
			buildRules = (
			);
			dependencies = (
			);
			name = RickAndMorty;
			productName = RickAndMorty;
			productReference = 969FB42C29D5975A00C73B01 /* RickAndMorty.app */;
			productType = "com.apple.product-type.application";
		};
		969FB44129D5975B00C73B01 /* RickAndMortyTests */ = {
			isa = PBXNativeTarget;
			buildConfigurationList = 969FB45929D5975B00C73B01 /* Build configuration list for PBXNativeTarget "RickAndMortyTests" */;
			buildPhases = (
				969FB43E29D5975B00C73B01 /* Sources */,
				969FB43F29D5975B00C73B01 /* Frameworks */,
				969FB44029D5975B00C73B01 /* Resources */,
			);
			buildRules = (
			);
			dependencies = (
				969FB44429D5975B00C73B01 /* PBXTargetDependency */,
			);
			name = RickAndMortyTests;
			productName = RickAndMortyTests;
			productReference = 969FB44229D5975B00C73B01 /* RickAndMortyTests.xctest */;
			productType = "com.apple.product-type.bundle.unit-test";
		};
		969FB44B29D5975B00C73B01 /* RickAndMortyUITests */ = {
			isa = PBXNativeTarget;
			buildConfigurationList = 969FB45C29D5975B00C73B01 /* Build configuration list for PBXNativeTarget "RickAndMortyUITests" */;
			buildPhases = (
				969FB44829D5975B00C73B01 /* Sources */,
				969FB44929D5975B00C73B01 /* Frameworks */,
				969FB44A29D5975B00C73B01 /* Resources */,
			);
			buildRules = (
			);
			dependencies = (
				969FB44E29D5975B00C73B01 /* PBXTargetDependency */,
			);
			name = RickAndMortyUITests;
			productName = RickAndMortyUITests;
			productReference = 969FB44C29D5975B00C73B01 /* RickAndMortyUITests.xctest */;
			productType = "com.apple.product-type.bundle.ui-testing";
		};
/* End PBXNativeTarget section */

/* Begin PBXProject section */
		969FB42429D5975A00C73B01 /* Project object */ = {
			isa = PBXProject;
			attributes = {
				BuildIndependentTargetsInParallel = 1;
				LastSwiftUpdateCheck = 1420;
				LastUpgradeCheck = 1420;
				TargetAttributes = {
					969FB42B29D5975A00C73B01 = {
						CreatedOnToolsVersion = 14.2;
					};
					969FB44129D5975B00C73B01 = {
						CreatedOnToolsVersion = 14.2;
						TestTargetID = 969FB42B29D5975A00C73B01;
					};
					969FB44B29D5975B00C73B01 = {
						CreatedOnToolsVersion = 14.2;
						TestTargetID = 969FB42B29D5975A00C73B01;
					};
				};
			};
			buildConfigurationList = 969FB42729D5975A00C73B01 /* Build configuration list for PBXProject "RickAndMorty" */;
			compatibilityVersion = "Xcode 14.0";
			developmentRegion = en;
			hasScannedForEncodings = 0;
			knownRegions = (
				en,
				Base,
			);
			mainGroup = 969FB42329D5975A00C73B01;
			productRefGroup = 969FB42D29D5975A00C73B01 /* Products */;
			projectDirPath = "";
			projectRoot = "";
			targets = (
				969FB42B29D5975A00C73B01 /* RickAndMorty */,
				969FB44129D5975B00C73B01 /* RickAndMortyTests */,
				969FB44B29D5975B00C73B01 /* RickAndMortyUITests */,
			);
		};
/* End PBXProject section */

/* Begin PBXResourcesBuildPhase section */
		969FB42A29D5975A00C73B01 /* Resources */ = {
			isa = PBXResourcesBuildPhase;
			buildActionMask = 2147483647;
			files = (
				969FB43C29D5975B00C73B01 /* LaunchScreen.storyboard in Resources */,
				969FB43929D5975B00C73B01 /* Assets.xcassets in Resources */,
			);
			runOnlyForDeploymentPostprocessing = 0;
		};
		969FB44029D5975B00C73B01 /* Resources */ = {
			isa = PBXResourcesBuildPhase;
			buildActionMask = 2147483647;
			files = (
			);
			runOnlyForDeploymentPostprocessing = 0;
		};
		969FB44A29D5975B00C73B01 /* Resources */ = {
			isa = PBXResourcesBuildPhase;
			buildActionMask = 2147483647;
			files = (
			);
			runOnlyForDeploymentPostprocessing = 0;
		};
/* End PBXResourcesBuildPhase section */

/* Begin PBXSourcesBuildPhase section */
		969FB42829D5975A00C73B01 /* Sources */ = {
			isa = PBXSourcesBuildPhase;
			buildActionMask = 2147483647;
			files = (
				969FB47C29D6E81100C73B01 /* RMOrigin.swift in Sources */,
				969FB47E29D6E85D00C73B01 /* RMSingleLocation.swift in Sources */,
				969FB48A29DC2CE600C73B01 /* CharacterListView.swift in Sources */,
				969FB48629DAFC1400C73B01 /* RMGetAllCharactersResponse.swift in Sources */,
				969FB48029D6E9AA00C73B01 /* RMCharacterStatus.swift in Sources */,
				969FB48229D6EA5900C73B01 /* RMCharacterGender.swift in Sources */,
				969FB47029D59CF800C73B01 /* RMLocationViewController.swift in Sources */,
				969FB46B29D59C0100C73B01 /* RMEpisode.swift in Sources */,
				969FB43429D5975A00C73B01 /* RMTabBarViewController.swift in Sources */,
				969FB47229D59D1200C73B01 /* RMEpisodeViewController.swift in Sources */,
				969FB43029D5975A00C73B01 /* AppDelegate.swift in Sources */,
				969FB48829DC2C3900C73B01 /* CharacterViewViewModel.swift in Sources */,
				969FB43229D5975A00C73B01 /* SceneDelegate.swift in Sources */,
				969FB48C29DC3B7500C73B01 /* Extensions.swift in Sources */,
				969FB47429D5A08100C73B01 /* RMSettingsViewController.swift in Sources */,
				969FB47629D6CA9200C73B01 /* RMService.swift in Sources */,
				969FB46729D59BD500C73B01 /* RMLocation.swift in Sources */,
				969FB47A29D6CBAC00C73B01 /* RMEndpoint.swift in Sources */,
				969FB46929D59BE700C73B01 /* RMCharacter.swift in Sources */,
				969FB47829D6CAAD00C73B01 /* RMRequest.swift in Sources */,
				969FB46E29D59CC300C73B01 /* RMCharacterViewController.swift in Sources */,
			);
			runOnlyForDeploymentPostprocessing = 0;
		};
		969FB43E29D5975B00C73B01 /* Sources */ = {
			isa = PBXSourcesBuildPhase;
			buildActionMask = 2147483647;
			files = (
				969FB44729D5975B00C73B01 /* RickAndMortyTests.swift in Sources */,
			);
			runOnlyForDeploymentPostprocessing = 0;
		};
		969FB44829D5975B00C73B01 /* Sources */ = {
			isa = PBXSourcesBuildPhase;
			buildActionMask = 2147483647;
			files = (
				969FB45129D5975B00C73B01 /* RickAndMortyUITests.swift in Sources */,
				969FB45329D5975B00C73B01 /* RickAndMortyUITestsLaunchTests.swift in Sources */,
			);
			runOnlyForDeploymentPostprocessing = 0;
		};
/* End PBXSourcesBuildPhase section */

/* Begin PBXTargetDependency section */
		969FB44429D5975B00C73B01 /* PBXTargetDependency */ = {
			isa = PBXTargetDependency;
			target = 969FB42B29D5975A00C73B01 /* RickAndMorty */;
			targetProxy = 969FB44329D5975B00C73B01 /* PBXContainerItemProxy */;
		};
		969FB44E29D5975B00C73B01 /* PBXTargetDependency */ = {
			isa = PBXTargetDependency;
			target = 969FB42B29D5975A00C73B01 /* RickAndMorty */;
			targetProxy = 969FB44D29D5975B00C73B01 /* PBXContainerItemProxy */;
		};
/* End PBXTargetDependency section */

/* Begin PBXVariantGroup section */
		969FB43A29D5975B00C73B01 /* LaunchScreen.storyboard */ = {
			isa = PBXVariantGroup;
			children = (
				969FB43B29D5975B00C73B01 /* Base */,
			);
			name = LaunchScreen.storyboard;
			sourceTree = "<group>";
		};
/* End PBXVariantGroup section */

/* Begin XCBuildConfiguration section */
		969FB45429D5975B00C73B01 /* Debug */ = {
			isa = XCBuildConfiguration;
			buildSettings = {
				ALWAYS_SEARCH_USER_PATHS = NO;
				CLANG_ANALYZER_NONNULL = YES;
				CLANG_ANALYZER_NUMBER_OBJECT_CONVERSION = YES_AGGRESSIVE;
				CLANG_CXX_LANGUAGE_STANDARD = "gnu++20";
				CLANG_ENABLE_MODULES = YES;
				CLANG_ENABLE_OBJC_ARC = YES;
				CLANG_ENABLE_OBJC_WEAK = YES;
				CLANG_WARN_BLOCK_CAPTURE_AUTORELEASING = YES;
				CLANG_WARN_BOOL_CONVERSION = YES;
				CLANG_WARN_COMMA = YES;
				CLANG_WARN_CONSTANT_CONVERSION = YES;
				CLANG_WARN_DEPRECATED_OBJC_IMPLEMENTATIONS = YES;
				CLANG_WARN_DIRECT_OBJC_ISA_USAGE = YES_ERROR;
				CLANG_WARN_DOCUMENTATION_COMMENTS = YES;
				CLANG_WARN_EMPTY_BODY = YES;
				CLANG_WARN_ENUM_CONVERSION = YES;
				CLANG_WARN_INFINITE_RECURSION = YES;
				CLANG_WARN_INT_CONVERSION = YES;
				CLANG_WARN_NON_LITERAL_NULL_CONVERSION = YES;
				CLANG_WARN_OBJC_IMPLICIT_RETAIN_SELF = YES;
				CLANG_WARN_OBJC_LITERAL_CONVERSION = YES;
				CLANG_WARN_OBJC_ROOT_CLASS = YES_ERROR;
				CLANG_WARN_QUOTED_INCLUDE_IN_FRAMEWORK_HEADER = YES;
				CLANG_WARN_RANGE_LOOP_ANALYSIS = YES;
				CLANG_WARN_STRICT_PROTOTYPES = YES;
				CLANG_WARN_SUSPICIOUS_MOVE = YES;
				CLANG_WARN_UNGUARDED_AVAILABILITY = YES_AGGRESSIVE;
				CLANG_WARN_UNREACHABLE_CODE = YES;
				CLANG_WARN__DUPLICATE_METHOD_MATCH = YES;
				COPY_PHASE_STRIP = NO;
				DEBUG_INFORMATION_FORMAT = dwarf;
				ENABLE_STRICT_OBJC_MSGSEND = YES;
				ENABLE_TESTABILITY = YES;
				GCC_C_LANGUAGE_STANDARD = gnu11;
				GCC_DYNAMIC_NO_PIC = NO;
				GCC_NO_COMMON_BLOCKS = YES;
				GCC_OPTIMIZATION_LEVEL = 0;
				GCC_PREPROCESSOR_DEFINITIONS = (
					"DEBUG=1",
					"$(inherited)",
				);
				GCC_WARN_64_TO_32_BIT_CONVERSION = YES;
				GCC_WARN_ABOUT_RETURN_TYPE = YES_ERROR;
				GCC_WARN_UNDECLARED_SELECTOR = YES;
				GCC_WARN_UNINITIALIZED_AUTOS = YES_AGGRESSIVE;
				GCC_WARN_UNUSED_FUNCTION = YES;
				GCC_WARN_UNUSED_VARIABLE = YES;
				IPHONEOS_DEPLOYMENT_TARGET = 16.2;
				MTL_ENABLE_DEBUG_INFO = INCLUDE_SOURCE;
				MTL_FAST_MATH = YES;
				ONLY_ACTIVE_ARCH = YES;
				SDKROOT = iphoneos;
				SWIFT_ACTIVE_COMPILATION_CONDITIONS = DEBUG;
				SWIFT_OPTIMIZATION_LEVEL = "-Onone";
			};
			name = Debug;
		};
		969FB45529D5975B00C73B01 /* Release */ = {
			isa = XCBuildConfiguration;
			buildSettings = {
				ALWAYS_SEARCH_USER_PATHS = NO;
				CLANG_ANALYZER_NONNULL = YES;
				CLANG_ANALYZER_NUMBER_OBJECT_CONVERSION = YES_AGGRESSIVE;
				CLANG_CXX_LANGUAGE_STANDARD = "gnu++20";
				CLANG_ENABLE_MODULES = YES;
				CLANG_ENABLE_OBJC_ARC = YES;
				CLANG_ENABLE_OBJC_WEAK = YES;
				CLANG_WARN_BLOCK_CAPTURE_AUTORELEASING = YES;
				CLANG_WARN_BOOL_CONVERSION = YES;
				CLANG_WARN_COMMA = YES;
				CLANG_WARN_CONSTANT_CONVERSION = YES;
				CLANG_WARN_DEPRECATED_OBJC_IMPLEMENTATIONS = YES;
				CLANG_WARN_DIRECT_OBJC_ISA_USAGE = YES_ERROR;
				CLANG_WARN_DOCUMENTATION_COMMENTS = YES;
				CLANG_WARN_EMPTY_BODY = YES;
				CLANG_WARN_ENUM_CONVERSION = YES;
				CLANG_WARN_INFINITE_RECURSION = YES;
				CLANG_WARN_INT_CONVERSION = YES;
				CLANG_WARN_NON_LITERAL_NULL_CONVERSION = YES;
				CLANG_WARN_OBJC_IMPLICIT_RETAIN_SELF = YES;
				CLANG_WARN_OBJC_LITERAL_CONVERSION = YES;
				CLANG_WARN_OBJC_ROOT_CLASS = YES_ERROR;
				CLANG_WARN_QUOTED_INCLUDE_IN_FRAMEWORK_HEADER = YES;
				CLANG_WARN_RANGE_LOOP_ANALYSIS = YES;
				CLANG_WARN_STRICT_PROTOTYPES = YES;
				CLANG_WARN_SUSPICIOUS_MOVE = YES;
				CLANG_WARN_UNGUARDED_AVAILABILITY = YES_AGGRESSIVE;
				CLANG_WARN_UNREACHABLE_CODE = YES;
				CLANG_WARN__DUPLICATE_METHOD_MATCH = YES;
				COPY_PHASE_STRIP = NO;
				DEBUG_INFORMATION_FORMAT = "dwarf-with-dsym";
				ENABLE_NS_ASSERTIONS = NO;
				ENABLE_STRICT_OBJC_MSGSEND = YES;
				GCC_C_LANGUAGE_STANDARD = gnu11;
				GCC_NO_COMMON_BLOCKS = YES;
				GCC_WARN_64_TO_32_BIT_CONVERSION = YES;
				GCC_WARN_ABOUT_RETURN_TYPE = YES_ERROR;
				GCC_WARN_UNDECLARED_SELECTOR = YES;
				GCC_WARN_UNINITIALIZED_AUTOS = YES_AGGRESSIVE;
				GCC_WARN_UNUSED_FUNCTION = YES;
				GCC_WARN_UNUSED_VARIABLE = YES;
				IPHONEOS_DEPLOYMENT_TARGET = 16.2;
				MTL_ENABLE_DEBUG_INFO = NO;
				MTL_FAST_MATH = YES;
				SDKROOT = iphoneos;
				SWIFT_COMPILATION_MODE = wholemodule;
				SWIFT_OPTIMIZATION_LEVEL = "-O";
				VALIDATE_PRODUCT = YES;
			};
			name = Release;
		};
		969FB45729D5975B00C73B01 /* Debug */ = {
			isa = XCBuildConfiguration;
			buildSettings = {
				ASSETCATALOG_COMPILER_APPICON_NAME = AppIcon;
				ASSETCATALOG_COMPILER_GLOBAL_ACCENT_COLOR_NAME = AccentColor;
				CODE_SIGN_STYLE = Automatic;
				CURRENT_PROJECT_VERSION = 1;
				GENERATE_INFOPLIST_FILE = YES;
				INFOPLIST_FILE = RickAndMorty/Info.plist;
				INFOPLIST_KEY_UIApplicationSupportsIndirectInputEvents = YES;
				INFOPLIST_KEY_UILaunchStoryboardName = LaunchScreen;
				INFOPLIST_KEY_UISupportedInterfaceOrientations_iPad = "UIInterfaceOrientationPortrait UIInterfaceOrientationPortraitUpsideDown UIInterfaceOrientationLandscapeLeft UIInterfaceOrientationLandscapeRight";
				INFOPLIST_KEY_UISupportedInterfaceOrientations_iPhone = "UIInterfaceOrientationPortrait UIInterfaceOrientationLandscapeLeft UIInterfaceOrientationLandscapeRight";
				LD_RUNPATH_SEARCH_PATHS = (
					"$(inherited)",
					"@executable_path/Frameworks",
				);
				MARKETING_VERSION = 1.0;
				PRODUCT_BUNDLE_IDENTIFIER = exampleteam.RickAndMorty;
				PRODUCT_NAME = "$(TARGET_NAME)";
				SWIFT_EMIT_LOC_STRINGS = YES;
				SWIFT_VERSION = 5.0;
				TARGETED_DEVICE_FAMILY = "1,2";
			};
			name = Debug;
		};
		969FB45829D5975B00C73B01 /* Release */ = {
			isa = XCBuildConfiguration;
			buildSettings = {
				ASSETCATALOG_COMPILER_APPICON_NAME = AppIcon;
				ASSETCATALOG_COMPILER_GLOBAL_ACCENT_COLOR_NAME = AccentColor;
				CODE_SIGN_STYLE = Automatic;
				CURRENT_PROJECT_VERSION = 1;
				GENERATE_INFOPLIST_FILE = YES;
				INFOPLIST_FILE = RickAndMorty/Info.plist;
				INFOPLIST_KEY_UIApplicationSupportsIndirectInputEvents = YES;
				INFOPLIST_KEY_UILaunchStoryboardName = LaunchScreen;
				INFOPLIST_KEY_UISupportedInterfaceOrientations_iPad = "UIInterfaceOrientationPortrait UIInterfaceOrientationPortraitUpsideDown UIInterfaceOrientationLandscapeLeft UIInterfaceOrientationLandscapeRight";
				INFOPLIST_KEY_UISupportedInterfaceOrientations_iPhone = "UIInterfaceOrientationPortrait UIInterfaceOrientationLandscapeLeft UIInterfaceOrientationLandscapeRight";
				LD_RUNPATH_SEARCH_PATHS = (
					"$(inherited)",
					"@executable_path/Frameworks",
				);
				MARKETING_VERSION = 1.0;
				PRODUCT_BUNDLE_IDENTIFIER = exampleteam.RickAndMorty;
				PRODUCT_NAME = "$(TARGET_NAME)";
				SWIFT_EMIT_LOC_STRINGS = YES;
				SWIFT_VERSION = 5.0;
				TARGETED_DEVICE_FAMILY = "1,2";
			};
			name = Release;
		};
		969FB45A29D5975B00C73B01 /* Debug */ = {
			isa = XCBuildConfiguration;
			buildSettings = {
				ALWAYS_EMBED_SWIFT_STANDARD_LIBRARIES = YES;
				BUNDLE_LOADER = "$(TEST_HOST)";
				CODE_SIGN_STYLE = Automatic;
				CURRENT_PROJECT_VERSION = 1;
				GENERATE_INFOPLIST_FILE = YES;
				IPHONEOS_DEPLOYMENT_TARGET = 16.2;
				MARKETING_VERSION = 1.0;
				PRODUCT_BUNDLE_IDENTIFIER = exampleteam.RickAndMortyTests;
				PRODUCT_NAME = "$(TARGET_NAME)";
				SWIFT_EMIT_LOC_STRINGS = NO;
				SWIFT_VERSION = 5.0;
				TARGETED_DEVICE_FAMILY = "1,2";
				TEST_HOST = "$(BUILT_PRODUCTS_DIR)/RickAndMorty.app/$(BUNDLE_EXECUTABLE_FOLDER_PATH)/RickAndMorty";
			};
			name = Debug;
		};
		969FB45B29D5975B00C73B01 /* Release */ = {
			isa = XCBuildConfiguration;
			buildSettings = {
				ALWAYS_EMBED_SWIFT_STANDARD_LIBRARIES = YES;
				BUNDLE_LOADER = "$(TEST_HOST)";
				CODE_SIGN_STYLE = Automatic;
				CURRENT_PROJECT_VERSION = 1;
				GENERATE_INFOPLIST_FILE = YES;
				IPHONEOS_DEPLOYMENT_TARGET = 16.2;
				MARKETING_VERSION = 1.0;
				PRODUCT_BUNDLE_IDENTIFIER = exampleteam.RickAndMortyTests;
				PRODUCT_NAME = "$(TARGET_NAME)";
				SWIFT_EMIT_LOC_STRINGS = NO;
				SWIFT_VERSION = 5.0;
				TARGETED_DEVICE_FAMILY = "1,2";
				TEST_HOST = "$(BUILT_PRODUCTS_DIR)/RickAndMorty.app/$(BUNDLE_EXECUTABLE_FOLDER_PATH)/RickAndMorty";
			};
			name = Release;
		};
		969FB45D29D5975B00C73B01 /* Debug */ = {
			isa = XCBuildConfiguration;
			buildSettings = {
				ALWAYS_EMBED_SWIFT_STANDARD_LIBRARIES = YES;
				CODE_SIGN_STYLE = Automatic;
				CURRENT_PROJECT_VERSION = 1;
				GENERATE_INFOPLIST_FILE = YES;
				MARKETING_VERSION = 1.0;
				PRODUCT_BUNDLE_IDENTIFIER = exampleteam.RickAndMortyUITests;
				PRODUCT_NAME = "$(TARGET_NAME)";
				SWIFT_EMIT_LOC_STRINGS = NO;
				SWIFT_VERSION = 5.0;
				TARGETED_DEVICE_FAMILY = "1,2";
				TEST_TARGET_NAME = RickAndMorty;
			};
			name = Debug;
		};
		969FB45E29D5975B00C73B01 /* Release */ = {
			isa = XCBuildConfiguration;
			buildSettings = {
				ALWAYS_EMBED_SWIFT_STANDARD_LIBRARIES = YES;
				CODE_SIGN_STYLE = Automatic;
				CURRENT_PROJECT_VERSION = 1;
				GENERATE_INFOPLIST_FILE = YES;
				MARKETING_VERSION = 1.0;
				PRODUCT_BUNDLE_IDENTIFIER = exampleteam.RickAndMortyUITests;
				PRODUCT_NAME = "$(TARGET_NAME)";
				SWIFT_EMIT_LOC_STRINGS = NO;
				SWIFT_VERSION = 5.0;
				TARGETED_DEVICE_FAMILY = "1,2";
				TEST_TARGET_NAME = RickAndMorty;
			};
			name = Release;
		};
/* End XCBuildConfiguration section */

/* Begin XCConfigurationList section */
		969FB42729D5975A00C73B01 /* Build configuration list for PBXProject "RickAndMorty" */ = {
			isa = XCConfigurationList;
			buildConfigurations = (
				969FB45429D5975B00C73B01 /* Debug */,
				969FB45529D5975B00C73B01 /* Release */,
			);
			defaultConfigurationIsVisible = 0;
			defaultConfigurationName = Release;
		};
		969FB45629D5975B00C73B01 /* Build configuration list for PBXNativeTarget "RickAndMorty" */ = {
			isa = XCConfigurationList;
			buildConfigurations = (
				969FB45729D5975B00C73B01 /* Debug */,
				969FB45829D5975B00C73B01 /* Release */,
			);
			defaultConfigurationIsVisible = 0;
			defaultConfigurationName = Release;
		};
		969FB45929D5975B00C73B01 /* Build configuration list for PBXNativeTarget "RickAndMortyTests" */ = {
			isa = XCConfigurationList;
			buildConfigurations = (
				969FB45A29D5975B00C73B01 /* Debug */,
				969FB45B29D5975B00C73B01 /* Release */,
			);
			defaultConfigurationIsVisible = 0;
			defaultConfigurationName = Release;
		};
		969FB45C29D5975B00C73B01 /* Build configuration list for PBXNativeTarget "RickAndMortyUITests" */ = {
			isa = XCConfigurationList;
			buildConfigurations = (
				969FB45D29D5975B00C73B01 /* Debug */,
				969FB45E29D5975B00C73B01 /* Release */,
			);
			defaultConfigurationIsVisible = 0;
			defaultConfigurationName = Release;
		};
/* End XCConfigurationList section */
	};
	rootObject = 969FB42429D5975A00C73B01 /* Project object */;
}
